// !$*UTF8*$!
{
	archiveVersion = 1;
	classes = {
	};
	objectVersion = 46;
	objects = {

/* Begin PBXBuildFile section */
		4506A7C51509D9D800C47A93 /* PullRefreshTableViewController.m in Sources */ = {isa = PBXBuildFile; fileRef = 4506A7C41509D9D800C47A93 /* PullRefreshTableViewController.m */; };
		4506A7C91509D9F500C47A93 /* blueArrow.png in Resources */ = {isa = PBXBuildFile; fileRef = 4506A7C71509D9F400C47A93 /* blueArrow.png */; };
		4506A7CA1509D9F500C47A93 /* blueArrow@2x.png in Resources */ = {isa = PBXBuildFile; fileRef = 4506A7C81509D9F400C47A93 /* blueArrow@2x.png */; };
		4506A7D51509DCC300C47A93 /* EGORefreshTableHeaderView.m in Sources */ = {isa = PBXBuildFile; fileRef = 4506A7D41509DCC200C47A93 /* EGORefreshTableHeaderView.m */; };
		450CE5A114FD09D50078052E /* ZJTCommentCell.m in Sources */ = {isa = PBXBuildFile; fileRef = 450CE59F14FD09D50078052E /* ZJTCommentCell.m */; };
		450CE5A214FD09D50078052E /* ZJTCommentCell.xib in Resources */ = {isa = PBXBuildFile; fileRef = 450CE5A014FD09D50078052E /* ZJTCommentCell.xib */; };
		452065761510872500CF3A01 /* TwitterVC.m in Sources */ = {isa = PBXBuildFile; fileRef = 452065741510872500CF3A01 /* TwitterVC.m */; };
		452065771510872500CF3A01 /* TwitterVC.xib in Resources */ = {isa = PBXBuildFile; fileRef = 452065751510872500CF3A01 /* TwitterVC.xib */; };
		4547F20B1508A8CE0082FD13 /* ZJTHelpler.m in Sources */ = {isa = PBXBuildFile; fileRef = 4547F20A1508A8CE0082FD13 /* ZJTHelpler.m */; };
		4571CD0C14FD049E00CBEF46 /* ZJTDetailStatusVC.m in Sources */ = {isa = PBXBuildFile; fileRef = 4571CD0A14FD049D00CBEF46 /* ZJTDetailStatusVC.m */; };
		4571CD0D14FD049E00CBEF46 /* ZJTDetailStatusVC.xib in Resources */ = {isa = PBXBuildFile; fileRef = 4571CD0B14FD049D00CBEF46 /* ZJTDetailStatusVC.xib */; };
		45C3EE9D1500D42C004A282E /* GifView.m in Sources */ = {isa = PBXBuildFile; fileRef = 45C3EE9C1500D42C004A282E /* GifView.m */; };
		45C3EEA81500DD7A004A282E /* ImageIO.framework in Frameworks */ = {isa = PBXBuildFile; fileRef = 45C3EEA71500DD7A004A282E /* ImageIO.framework */; };
		AB2D5BC81483B3A700987DE7 /* libsqlite3.dylib in Frameworks */ = {isa = PBXBuildFile; fileRef = AB2D5BC71483B3A700987DE7 /* libsqlite3.dylib */; };
		AB2D5BCA1483B3D000987DE7 /* libicucore.dylib in Frameworks */ = {isa = PBXBuildFile; fileRef = AB2D5BC91483B3D000987DE7 /* libicucore.dylib */; };
		AB2D5BCC1483B3E200987DE7 /* libz.dylib in Frameworks */ = {isa = PBXBuildFile; fileRef = AB2D5BCB1483B3E200987DE7 /* libz.dylib */; };
		AB2D5BCE1483B3F400987DE7 /* CFNetwork.framework in Frameworks */ = {isa = PBXBuildFile; fileRef = AB2D5BCD1483B3F400987DE7 /* CFNetwork.framework */; };
		AB2D5BD01483B40300987DE7 /* MobileCoreServices.framework in Frameworks */ = {isa = PBXBuildFile; fileRef = AB2D5BCF1483B40300987DE7 /* MobileCoreServices.framework */; };
		AB2D5BD21483B40D00987DE7 /* Security.framework in Frameworks */ = {isa = PBXBuildFile; fileRef = AB2D5BD11483B40D00987DE7 /* Security.framework */; };
		AB2D5BD41483B41700987DE7 /* SystemConfiguration.framework in Frameworks */ = {isa = PBXBuildFile; fileRef = AB2D5BD31483B41700987DE7 /* SystemConfiguration.framework */; };
		AB2D5BD61483B42500987DE7 /* MessageUI.framework in Frameworks */ = {isa = PBXBuildFile; fileRef = AB2D5BD51483B42500987DE7 /* MessageUI.framework */; };
		AB2D5BD81483B43100987DE7 /* QuartzCore.framework in Frameworks */ = {isa = PBXBuildFile; fileRef = AB2D5BD71483B43100987DE7 /* QuartzCore.framework */; };
		AB37A39614F91D280077774E /* CustomScrollView.m in Sources */ = {isa = PBXBuildFile; fileRef = AB37A39214F91D280077774E /* CustomScrollView.m */; };
		AB37A39714F91D280077774E /* ImageBrowser.m in Sources */ = {isa = PBXBuildFile; fileRef = AB37A39414F91D280077774E /* ImageBrowser.m */; };
		AB37A39814F91D280077774E /* ImageBrowser.xib in Resources */ = {isa = PBXBuildFile; fileRef = AB37A39514F91D280077774E /* ImageBrowser.xib */; };
		AB37A39D14F921D80077774E /* ImageProcess.m in Sources */ = {isa = PBXBuildFile; fileRef = AB37A39C14F921D80077774E /* ImageProcess.m */; };
		AB50963E14B5CCE200DE0438 /* Icon-Small.png in Resources */ = {isa = PBXBuildFile; fileRef = AB50963C14B5CCE200DE0438 /* Icon-Small.png */; };
		AB50963F14B5CCE200DE0438 /* Icon-Small@2x.png in Resources */ = {isa = PBXBuildFile; fileRef = AB50963D14B5CCE200DE0438 /* Icon-Small@2x.png */; };
		AB5554FF14B6F63200B27BCE /* table_header_bg.png in Resources */ = {isa = PBXBuildFile; fileRef = AB5554FD14B6F63200B27BCE /* table_header_bg.png */; };
		AB55550014B6F63200B27BCE /* table_header_bg@2x.png in Resources */ = {isa = PBXBuildFile; fileRef = AB5554FE14B6F63200B27BCE /* table_header_bg@2x.png */; };
		AB55551014B7069200B27BCE /* HHNetDataCacheManager.m in Sources */ = {isa = PBXBuildFile; fileRef = AB55550F14B7069200B27BCE /* HHNetDataCacheManager.m */; };
		AB57E8B61523517000363B7C /* AddCommentVC.m in Sources */ = {isa = PBXBuildFile; fileRef = AB57E8B41523517000363B7C /* AddCommentVC.m */; };
		AB57E8B71523517000363B7C /* AddCommentVC.xib in Resources */ = {isa = PBXBuildFile; fileRef = AB57E8B51523517000363B7C /* AddCommentVC.xib */; };
		AB57E8BE1523541900363B7C /* input_window.png in Resources */ = {isa = PBXBuildFile; fileRef = AB57E8BC1523541900363B7C /* input_window.png */; };
		AB57E8BF1523541900363B7C /* input_window@2x.png in Resources */ = {isa = PBXBuildFile; fileRef = AB57E8BD1523541900363B7C /* input_window@2x.png */; };
		AB87BA4C1524B44E0096C029 /* loadingImage_50x118.png in Resources */ = {isa = PBXBuildFile; fileRef = AB87BA4A1524B44E0096C029 /* loadingImage_50x118.png */; };
		AB87BA4D1524B44E0096C029 /* loadingImage_50x118@2x.png in Resources */ = {isa = PBXBuildFile; fileRef = AB87BA4B1524B44E0096C029 /* loadingImage_50x118@2x.png */; };
		AB968C3B14FE84AD00A17AFE /* timeline_rt_border_b.png in Resources */ = {isa = PBXBuildFile; fileRef = AB968C3514FE84AD00A17AFE /* timeline_rt_border_b.png */; };
		AB968C3C14FE84AD00A17AFE /* timeline_rt_border_b@2x.png in Resources */ = {isa = PBXBuildFile; fileRef = AB968C3614FE84AD00A17AFE /* timeline_rt_border_b@2x.png */; };
		AB968C3D14FE84AD00A17AFE /* timeline_rt_border_m.png in Resources */ = {isa = PBXBuildFile; fileRef = AB968C3714FE84AD00A17AFE /* timeline_rt_border_m.png */; };
		AB968C3E14FE84AD00A17AFE /* timeline_rt_border_m@2x.png in Resources */ = {isa = PBXBuildFile; fileRef = AB968C3814FE84AD00A17AFE /* timeline_rt_border_m@2x.png */; };
		AB968C3F14FE84AD00A17AFE /* timeline_rt_border_t.png in Resources */ = {isa = PBXBuildFile; fileRef = AB968C3914FE84AD00A17AFE /* timeline_rt_border_t.png */; };
		AB968C4014FE84AD00A17AFE /* timeline_rt_border_t@2x.png in Resources */ = {isa = PBXBuildFile; fileRef = AB968C3A14FE84AD00A17AFE /* timeline_rt_border_t@2x.png */; };
		ABA94F3A147FA7F70010C283 /* UIKit.framework in Frameworks */ = {isa = PBXBuildFile; fileRef = ABA94F39147FA7F70010C283 /* UIKit.framework */; };
		ABA94F3C147FA7F70010C283 /* Foundation.framework in Frameworks */ = {isa = PBXBuildFile; fileRef = ABA94F3B147FA7F70010C283 /* Foundation.framework */; };
		ABA94F3E147FA7F70010C283 /* CoreGraphics.framework in Frameworks */ = {isa = PBXBuildFile; fileRef = ABA94F3D147FA7F70010C283 /* CoreGraphics.framework */; };
		ABA94F44147FA7F70010C283 /* InfoPlist.strings in Resources */ = {isa = PBXBuildFile; fileRef = ABA94F42147FA7F70010C283 /* InfoPlist.strings */; };
		ABA94F46147FA7F70010C283 /* main.m in Sources */ = {isa = PBXBuildFile; fileRef = ABA94F45147FA7F70010C283 /* main.m */; };
		ABA94F4A147FA7F70010C283 /* AppDelegate.m in Sources */ = {isa = PBXBuildFile; fileRef = ABA94F49147FA7F70010C283 /* AppDelegate.m */; };
		ABA94F4D147FA7F70010C283 /* FirstViewController.m in Sources */ = {isa = PBXBuildFile; fileRef = ABA94F4C147FA7F70010C283 /* FirstViewController.m */; };
		ABA94F4F147FA7F70010C283 /* first.png in Resources */ = {isa = PBXBuildFile; fileRef = ABA94F4E147FA7F70010C283 /* first.png */; };
		ABA94F51147FA7F70010C283 /* first@2x.png in Resources */ = {isa = PBXBuildFile; fileRef = ABA94F50147FA7F70010C283 /* first@2x.png */; };
		ABA94F54147FA7F70010C283 /* SecondViewController.m in Sources */ = {isa = PBXBuildFile; fileRef = ABA94F53147FA7F70010C283 /* SecondViewController.m */; };
		ABA94F56147FA7F70010C283 /* second.png in Resources */ = {isa = PBXBuildFile; fileRef = ABA94F55147FA7F70010C283 /* second.png */; };
		ABA94F58147FA7F70010C283 /* second@2x.png in Resources */ = {isa = PBXBuildFile; fileRef = ABA94F57147FA7F70010C283 /* second@2x.png */; };
		ABA94F5B147FA7F70010C283 /* FirstViewController.xib in Resources */ = {isa = PBXBuildFile; fileRef = ABA94F59147FA7F70010C283 /* FirstViewController.xib */; };
		ABA94F5E147FA7F70010C283 /* SecondViewController.xib in Resources */ = {isa = PBXBuildFile; fileRef = ABA94F5C147FA7F70010C283 /* SecondViewController.xib */; };
		ABAA629E15010BD100D86E3C /* SHKActivityIndicator.m in Sources */ = {isa = PBXBuildFile; fileRef = ABAA629D15010BD100D86E3C /* SHKActivityIndicator.m */; };
		ABAA62A315010CD000D86E3C /* UIDevice+Orientation.m in Sources */ = {isa = PBXBuildFile; fileRef = ABAA62A215010CD000D86E3C /* UIDevice+Orientation.m */; };
		ABAA62A615010CDA00D86E3C /* UILabel+Size.m in Sources */ = {isa = PBXBuildFile; fileRef = ABAA62A515010CDA00D86E3C /* UILabel+Size.m */; };
		ABE295B914F8C99C00FDABA3 /* ProfileVC.m in Sources */ = {isa = PBXBuildFile; fileRef = ABE295B714F8C99C00FDABA3 /* ProfileVC.m */; };
		ABE295BA14F8C99C00FDABA3 /* ProfileVC.xib in Resources */ = {isa = PBXBuildFile; fileRef = ABE295B814F8C99C00FDABA3 /* ProfileVC.xib */; };
		ABF23F5814B5970100AEEB5C /* NSDataAdditions.m in Sources */ = {isa = PBXBuildFile; fileRef = ABF23F5314B5970100AEEB5C /* NSDataAdditions.m */; };
		ABF23F5914B5970100AEEB5C /* NSDictionaryAdditions.m in Sources */ = {isa = PBXBuildFile; fileRef = ABF23F5514B5970100AEEB5C /* NSDictionaryAdditions.m */; };
		ABF23F5A14B5970100AEEB5C /* NSStringAdditions.m in Sources */ = {isa = PBXBuildFile; fileRef = ABF23F5714B5970100AEEB5C /* NSStringAdditions.m */; };
		ABF23F5D14B5971A00AEEB5C /* StringUtil.m in Sources */ = {isa = PBXBuildFile; fileRef = ABF23F5C14B5971A00AEEB5C /* StringUtil.m */; };
		ABF23F9214B5976900AEEB5C /* ASIAuthenticationDialog.m in Sources */ = {isa = PBXBuildFile; fileRef = ABF23F6014B5976900AEEB5C /* ASIAuthenticationDialog.m */; };
		ABF23F9314B5976900AEEB5C /* ASIDataCompressor.m in Sources */ = {isa = PBXBuildFile; fileRef = ABF23F6314B5976900AEEB5C /* ASIDataCompressor.m */; };
		ABF23F9414B5976900AEEB5C /* ASIDataDecompressor.m in Sources */ = {isa = PBXBuildFile; fileRef = ABF23F6514B5976900AEEB5C /* ASIDataDecompressor.m */; };
		ABF23F9514B5976900AEEB5C /* ASIDownloadCache.m in Sources */ = {isa = PBXBuildFile; fileRef = ABF23F6714B5976900AEEB5C /* ASIDownloadCache.m */; };
		ABF23F9614B5976900AEEB5C /* ASIFormDataRequest.m in Sources */ = {isa = PBXBuildFile; fileRef = ABF23F6914B5976900AEEB5C /* ASIFormDataRequest.m */; };
		ABF23F9714B5976900AEEB5C /* ASIHTTPRequest.m in Sources */ = {isa = PBXBuildFile; fileRef = ABF23F6B14B5976900AEEB5C /* ASIHTTPRequest.m */; };
		ABF23F9814B5976900AEEB5C /* ASIInputStream.m in Sources */ = {isa = PBXBuildFile; fileRef = ABF23F6F14B5976900AEEB5C /* ASIInputStream.m */; };
		ABF23F9914B5976900AEEB5C /* ASINetworkQueue.m in Sources */ = {isa = PBXBuildFile; fileRef = ABF23F7114B5976900AEEB5C /* ASINetworkQueue.m */; };
		ABF23F9A14B5976900AEEB5C /* Comment.m in Sources */ = {isa = PBXBuildFile; fileRef = ABF23F7514B5976900AEEB5C /* Comment.m */; };
		ABF23F9D14B5976900AEEB5C /* Draft.m in Sources */ = {isa = PBXBuildFile; fileRef = ABF23F7C14B5976900AEEB5C /* Draft.m */; };
		ABF23F9E14B5976900AEEB5C /* DummyGapStatus.m in Sources */ = {isa = PBXBuildFile; fileRef = ABF23F7E14B5976900AEEB5C /* DummyGapStatus.m */; };
		ABF23F9F14B5976900AEEB5C /* Status.m in Sources */ = {isa = PBXBuildFile; fileRef = ABF23F8014B5976900AEEB5C /* Status.m */; };
		ABF23FA014B5976900AEEB5C /* User.m in Sources */ = {isa = PBXBuildFile; fileRef = ABF23F8214B5976900AEEB5C /* User.m */; };
		ABF23FA114B5976900AEEB5C /* Reachability.m in Sources */ = {isa = PBXBuildFile; fileRef = ABF23F8514B5976900AEEB5C /* Reachability.m */; };
		ABF23FA214B5976900AEEB5C /* NSObject+SBJSON.m in Sources */ = {isa = PBXBuildFile; fileRef = ABF23F8914B5976900AEEB5C /* NSObject+SBJSON.m */; };
		ABF23FA314B5976900AEEB5C /* NSString+SBJSON.m in Sources */ = {isa = PBXBuildFile; fileRef = ABF23F8B14B5976900AEEB5C /* NSString+SBJSON.m */; };
		ABF23FA414B5976900AEEB5C /* SBJsonBase.m in Sources */ = {isa = PBXBuildFile; fileRef = ABF23F8D14B5976900AEEB5C /* SBJsonBase.m */; };
		ABF23FA514B5976900AEEB5C /* SBJsonParser.m in Sources */ = {isa = PBXBuildFile; fileRef = ABF23F8F14B5976900AEEB5C /* SBJsonParser.m */; };
		ABF23FA614B5976900AEEB5C /* SBJsonWriter.m in Sources */ = {isa = PBXBuildFile; fileRef = ABF23F9114B5976900AEEB5C /* SBJsonWriter.m */; };
		ABF23FB014B5999C00AEEB5C /* OAuthWebView.m in Sources */ = {isa = PBXBuildFile; fileRef = ABF23FAA14B5999C00AEEB5C /* OAuthWebView.m */; };
		ABF23FB114B5999C00AEEB5C /* OAuthWebView.xib in Resources */ = {isa = PBXBuildFile; fileRef = ABF23FAB14B5999C00AEEB5C /* OAuthWebView.xib */; };
		ABF23FB214B5999C00AEEB5C /* WeiBoHttpManager.m in Sources */ = {isa = PBXBuildFile; fileRef = ABF23FAD14B5999C00AEEB5C /* WeiBoHttpManager.m */; };
		ABF23FB314B5999C00AEEB5C /* WeiBoMessageManager.m in Sources */ = {isa = PBXBuildFile; fileRef = ABF23FAF14B5999C00AEEB5C /* WeiBoMessageManager.m */; };
		ABF23FC014B59FAE00AEEB5C /* LPBaseCell.m in Sources */ = {isa = PBXBuildFile; fileRef = ABF23FBF14B59FAE00AEEB5C /* LPBaseCell.m */; };
		ABF411FA15458F2E00226BC1 /* noImage50x118.png in Resources */ = {isa = PBXBuildFile; fileRef = ABF411F815458F2E00226BC1 /* noImage50x118.png */; };
		ABF411FB15458F2E00226BC1 /* noImage50x118@2x.png in Resources */ = {isa = PBXBuildFile; fileRef = ABF411F915458F2E00226BC1 /* noImage50x118@2x.png */; };
		ABFDE1FB14B5A0EC00B57C9F /* StatusCell.m in Sources */ = {isa = PBXBuildFile; fileRef = ABFDE1F914B5A0EC00B57C9F /* StatusCell.m */; };
		ABFDE1FC14B5A0EC00B57C9F /* StatusCell.xib in Resources */ = {isa = PBXBuildFile; fileRef = ABFDE1FA14B5A0EC00B57C9F /* StatusCell.xib */; };
		ABFDE21214B5A25100B57C9F /* 16.png in Resources */ = {isa = PBXBuildFile; fileRef = ABFDE20214B5A25100B57C9F /* 16.png */; };
		ABFDE21314B5A25100B57C9F /* 16x16.png in Resources */ = {isa = PBXBuildFile; fileRef = ABFDE20314B5A25100B57C9F /* 16x16.png */; };
		ABFDE21414B5A25100B57C9F /* 240.png in Resources */ = {isa = PBXBuildFile; fileRef = ABFDE20414B5A25100B57C9F /* 240.png */; };
		ABFDE21514B5A25100B57C9F /* 24x24.png in Resources */ = {isa = PBXBuildFile; fileRef = ABFDE20514B5A25100B57C9F /* 24x24.png */; };
		ABFDE21614B5A25100B57C9F /* 32.png in Resources */ = {isa = PBXBuildFile; fileRef = ABFDE20614B5A25100B57C9F /* 32.png */; };
		ABFDE21714B5A25100B57C9F /* 32x32.png in Resources */ = {isa = PBXBuildFile; fileRef = ABFDE20714B5A25100B57C9F /* 32x32.png */; };
		ABFDE21814B5A25100B57C9F /* 48.png in Resources */ = {isa = PBXBuildFile; fileRef = ABFDE20814B5A25100B57C9F /* 48.png */; };
		ABFDE21914B5A25100B57C9F /* 48x48.png in Resources */ = {isa = PBXBuildFile; fileRef = ABFDE20914B5A25100B57C9F /* 48x48.png */; };
		ABFDE21A14B5A25100B57C9F /* LOGO_16x16.png in Resources */ = {isa = PBXBuildFile; fileRef = ABFDE20A14B5A25100B57C9F /* LOGO_16x16.png */; };
		ABFDE21B14B5A25100B57C9F /* LOGO_24x24.png in Resources */ = {isa = PBXBuildFile; fileRef = ABFDE20B14B5A25100B57C9F /* LOGO_24x24.png */; };
		ABFDE21C14B5A25100B57C9F /* LOGO_32x32.png in Resources */ = {isa = PBXBuildFile; fileRef = ABFDE20C14B5A25100B57C9F /* LOGO_32x32.png */; };
		ABFDE21D14B5A25100B57C9F /* LOGO_48x48.png in Resources */ = {isa = PBXBuildFile; fileRef = ABFDE20D14B5A25100B57C9F /* LOGO_48x48.png */; };
		ABFDE21E14B5A25100B57C9F /* LOGO_64x64.png in Resources */ = {isa = PBXBuildFile; fileRef = ABFDE20E14B5A25100B57C9F /* LOGO_64x64.png */; };
		ABFDE21F14B5A25100B57C9F /* publish_button_16.gif in Resources */ = {isa = PBXBuildFile; fileRef = ABFDE20F14B5A25100B57C9F /* publish_button_16.gif */; };
		ABFDE22014B5A25100B57C9F /* publish_button_24.gif in Resources */ = {isa = PBXBuildFile; fileRef = ABFDE21014B5A25100B57C9F /* publish_button_24.gif */; };
		ABFDE22114B5A25100B57C9F /* publish_button_32.gif in Resources */ = {isa = PBXBuildFile; fileRef = ABFDE21114B5A25100B57C9F /* publish_button_32.gif */; };
/* End PBXBuildFile section */

/* Begin PBXFileReference section */
		4506A7C31509D9D800C47A93 /* PullRefreshTableViewController.h */ = {isa = PBXFileReference; fileEncoding = 4; lastKnownFileType = sourcecode.c.h; path = PullRefreshTableViewController.h; sourceTree = "<group>"; };
		4506A7C41509D9D800C47A93 /* PullRefreshTableViewController.m */ = {isa = PBXFileReference; fileEncoding = 4; lastKnownFileType = sourcecode.c.objc; path = PullRefreshTableViewController.m; sourceTree = "<group>"; };
		4506A7C71509D9F400C47A93 /* blueArrow.png */ = {isa = PBXFileReference; lastKnownFileType = image.png; path = blueArrow.png; sourceTree = "<group>"; };
		4506A7C81509D9F400C47A93 /* blueArrow@2x.png */ = {isa = PBXFileReference; lastKnownFileType = image.png; path = "blueArrow@2x.png"; sourceTree = "<group>"; };
		4506A7D31509DCC200C47A93 /* EGORefreshTableHeaderView.h */ = {isa = PBXFileReference; fileEncoding = 4; lastKnownFileType = sourcecode.c.h; path = EGORefreshTableHeaderView.h; sourceTree = "<group>"; };
		4506A7D41509DCC200C47A93 /* EGORefreshTableHeaderView.m */ = {isa = PBXFileReference; fileEncoding = 4; lastKnownFileType = sourcecode.c.objc; path = EGORefreshTableHeaderView.m; sourceTree = "<group>"; };
		450CE59E14FD09D50078052E /* ZJTCommentCell.h */ = {isa = PBXFileReference; fileEncoding = 4; lastKnownFileType = sourcecode.c.h; path = ZJTCommentCell.h; sourceTree = "<group>"; };
		450CE59F14FD09D50078052E /* ZJTCommentCell.m */ = {isa = PBXFileReference; fileEncoding = 4; lastKnownFileType = sourcecode.c.objc; path = ZJTCommentCell.m; sourceTree = "<group>"; };
		450CE5A014FD09D50078052E /* ZJTCommentCell.xib */ = {isa = PBXFileReference; fileEncoding = 4; lastKnownFileType = file.xib; path = ZJTCommentCell.xib; sourceTree = "<group>"; };
		452065731510872400CF3A01 /* TwitterVC.h */ = {isa = PBXFileReference; fileEncoding = 4; lastKnownFileType = sourcecode.c.h; path = TwitterVC.h; sourceTree = "<group>"; };
		452065741510872500CF3A01 /* TwitterVC.m */ = {isa = PBXFileReference; fileEncoding = 4; lastKnownFileType = sourcecode.c.objc; path = TwitterVC.m; sourceTree = "<group>"; };
		452065751510872500CF3A01 /* TwitterVC.xib */ = {isa = PBXFileReference; fileEncoding = 4; lastKnownFileType = file.xib; path = TwitterVC.xib; sourceTree = "<group>"; };
		4547F2091508A8CE0082FD13 /* ZJTHelpler.h */ = {isa = PBXFileReference; fileEncoding = 4; lastKnownFileType = sourcecode.c.h; path = ZJTHelpler.h; sourceTree = "<group>"; };
		4547F20A1508A8CE0082FD13 /* ZJTHelpler.m */ = {isa = PBXFileReference; fileEncoding = 4; lastKnownFileType = sourcecode.c.objc; path = ZJTHelpler.m; sourceTree = "<group>"; };
		4571CD0914FD049D00CBEF46 /* ZJTDetailStatusVC.h */ = {isa = PBXFileReference; fileEncoding = 4; lastKnownFileType = sourcecode.c.h; path = ZJTDetailStatusVC.h; sourceTree = "<group>"; };
		4571CD0A14FD049D00CBEF46 /* ZJTDetailStatusVC.m */ = {isa = PBXFileReference; fileEncoding = 4; lastKnownFileType = sourcecode.c.objc; path = ZJTDetailStatusVC.m; sourceTree = "<group>"; };
		4571CD0B14FD049D00CBEF46 /* ZJTDetailStatusVC.xib */ = {isa = PBXFileReference; fileEncoding = 4; lastKnownFileType = file.xib; path = ZJTDetailStatusVC.xib; sourceTree = "<group>"; };
		45C3EE9B1500D42C004A282E /* GifView.h */ = {isa = PBXFileReference; fileEncoding = 4; lastKnownFileType = sourcecode.c.h; path = GifView.h; sourceTree = "<group>"; };
		45C3EE9C1500D42C004A282E /* GifView.m */ = {isa = PBXFileReference; fileEncoding = 4; lastKnownFileType = sourcecode.c.objc; path = GifView.m; sourceTree = "<group>"; };
		45C3EEA71500DD7A004A282E /* ImageIO.framework */ = {isa = PBXFileReference; lastKnownFileType = wrapper.framework; name = ImageIO.framework; path = System/Library/Frameworks/ImageIO.framework; sourceTree = SDKROOT; };
		AB2D5BC71483B3A700987DE7 /* libsqlite3.dylib */ = {isa = PBXFileReference; lastKnownFileType = "compiled.mach-o.dylib"; name = libsqlite3.dylib; path = usr/lib/libsqlite3.dylib; sourceTree = SDKROOT; };
		AB2D5BC91483B3D000987DE7 /* libicucore.dylib */ = {isa = PBXFileReference; lastKnownFileType = "compiled.mach-o.dylib"; name = libicucore.dylib; path = usr/lib/libicucore.dylib; sourceTree = SDKROOT; };
		AB2D5BCB1483B3E200987DE7 /* libz.dylib */ = {isa = PBXFileReference; lastKnownFileType = "compiled.mach-o.dylib"; name = libz.dylib; path = usr/lib/libz.dylib; sourceTree = SDKROOT; };
		AB2D5BCD1483B3F400987DE7 /* CFNetwork.framework */ = {isa = PBXFileReference; lastKnownFileType = wrapper.framework; name = CFNetwork.framework; path = System/Library/Frameworks/CFNetwork.framework; sourceTree = SDKROOT; };
		AB2D5BCF1483B40300987DE7 /* MobileCoreServices.framework */ = {isa = PBXFileReference; lastKnownFileType = wrapper.framework; name = MobileCoreServices.framework; path = System/Library/Frameworks/MobileCoreServices.framework; sourceTree = SDKROOT; };
		AB2D5BD11483B40D00987DE7 /* Security.framework */ = {isa = PBXFileReference; lastKnownFileType = wrapper.framework; name = Security.framework; path = System/Library/Frameworks/Security.framework; sourceTree = SDKROOT; };
		AB2D5BD31483B41700987DE7 /* SystemConfiguration.framework */ = {isa = PBXFileReference; lastKnownFileType = wrapper.framework; name = SystemConfiguration.framework; path = System/Library/Frameworks/SystemConfiguration.framework; sourceTree = SDKROOT; };
		AB2D5BD51483B42500987DE7 /* MessageUI.framework */ = {isa = PBXFileReference; lastKnownFileType = wrapper.framework; name = MessageUI.framework; path = System/Library/Frameworks/MessageUI.framework; sourceTree = SDKROOT; };
		AB2D5BD71483B43100987DE7 /* QuartzCore.framework */ = {isa = PBXFileReference; lastKnownFileType = wrapper.framework; name = QuartzCore.framework; path = System/Library/Frameworks/QuartzCore.framework; sourceTree = SDKROOT; };
		AB37A39114F91D280077774E /* CustomScrollView.h */ = {isa = PBXFileReference; fileEncoding = 4; lastKnownFileType = sourcecode.c.h; path = CustomScrollView.h; sourceTree = "<group>"; };
		AB37A39214F91D280077774E /* CustomScrollView.m */ = {isa = PBXFileReference; fileEncoding = 4; lastKnownFileType = sourcecode.c.objc; path = CustomScrollView.m; sourceTree = "<group>"; };
		AB37A39314F91D280077774E /* ImageBrowser.h */ = {isa = PBXFileReference; fileEncoding = 4; lastKnownFileType = sourcecode.c.h; path = ImageBrowser.h; sourceTree = "<group>"; };
		AB37A39414F91D280077774E /* ImageBrowser.m */ = {isa = PBXFileReference; fileEncoding = 4; lastKnownFileType = sourcecode.c.objc; path = ImageBrowser.m; sourceTree = "<group>"; };
		AB37A39514F91D280077774E /* ImageBrowser.xib */ = {isa = PBXFileReference; fileEncoding = 4; lastKnownFileType = file.xib; path = ImageBrowser.xib; sourceTree = "<group>"; };
		AB37A39B14F921D80077774E /* ImageProcess.h */ = {isa = PBXFileReference; fileEncoding = 4; lastKnownFileType = sourcecode.c.h; path = ImageProcess.h; sourceTree = "<group>"; };
		AB37A39C14F921D80077774E /* ImageProcess.m */ = {isa = PBXFileReference; fileEncoding = 4; lastKnownFileType = sourcecode.c.objc; path = ImageProcess.m; sourceTree = "<group>"; };
		AB50963C14B5CCE200DE0438 /* Icon-Small.png */ = {isa = PBXFileReference; lastKnownFileType = image.png; path = "Icon-Small.png"; sourceTree = "<group>"; };
		AB50963D14B5CCE200DE0438 /* Icon-Small@2x.png */ = {isa = PBXFileReference; lastKnownFileType = image.png; path = "Icon-Small@2x.png"; sourceTree = "<group>"; };
		AB5554FD14B6F63200B27BCE /* table_header_bg.png */ = {isa = PBXFileReference; lastKnownFileType = image.png; path = table_header_bg.png; sourceTree = "<group>"; };
		AB5554FE14B6F63200B27BCE /* table_header_bg@2x.png */ = {isa = PBXFileReference; lastKnownFileType = image.png; path = "table_header_bg@2x.png"; sourceTree = "<group>"; };
		AB55550E14B7069200B27BCE /* HHNetDataCacheManager.h */ = {isa = PBXFileReference; fileEncoding = 4; lastKnownFileType = sourcecode.c.h; path = HHNetDataCacheManager.h; sourceTree = "<group>"; };
		AB55550F14B7069200B27BCE /* HHNetDataCacheManager.m */ = {isa = PBXFileReference; fileEncoding = 4; lastKnownFileType = sourcecode.c.objc; path = HHNetDataCacheManager.m; sourceTree = "<group>"; };
		AB57E8B31523516F00363B7C /* AddCommentVC.h */ = {isa = PBXFileReference; fileEncoding = 4; lastKnownFileType = sourcecode.c.h; path = AddCommentVC.h; sourceTree = "<group>"; };
		AB57E8B41523517000363B7C /* AddCommentVC.m */ = {isa = PBXFileReference; fileEncoding = 4; lastKnownFileType = sourcecode.c.objc; path = AddCommentVC.m; sourceTree = "<group>"; };
		AB57E8B51523517000363B7C /* AddCommentVC.xib */ = {isa = PBXFileReference; fileEncoding = 4; lastKnownFileType = file.xib; path = AddCommentVC.xib; sourceTree = "<group>"; };
		AB57E8BC1523541900363B7C /* input_window.png */ = {isa = PBXFileReference; lastKnownFileType = image.png; path = input_window.png; sourceTree = "<group>"; };
		AB57E8BD1523541900363B7C /* input_window@2x.png */ = {isa = PBXFileReference; lastKnownFileType = image.png; path = "input_window@2x.png"; sourceTree = "<group>"; };
		AB87BA4A1524B44E0096C029 /* loadingImage_50x118.png */ = {isa = PBXFileReference; lastKnownFileType = image.png; name = loadingImage_50x118.png; path = WeiboImages/loadingImage_50x118.png; sourceTree = "<group>"; };
		AB87BA4B1524B44E0096C029 /* loadingImage_50x118@2x.png */ = {isa = PBXFileReference; lastKnownFileType = image.png; name = "loadingImage_50x118@2x.png"; path = "WeiboImages/loadingImage_50x118@2x.png"; sourceTree = "<group>"; };
		AB968C3514FE84AD00A17AFE /* timeline_rt_border_b.png */ = {isa = PBXFileReference; lastKnownFileType = image.png; path = timeline_rt_border_b.png; sourceTree = "<group>"; };
		AB968C3614FE84AD00A17AFE /* timeline_rt_border_b@2x.png */ = {isa = PBXFileReference; lastKnownFileType = image.png; path = "timeline_rt_border_b@2x.png"; sourceTree = "<group>"; };
		AB968C3714FE84AD00A17AFE /* timeline_rt_border_m.png */ = {isa = PBXFileReference; lastKnownFileType = image.png; path = timeline_rt_border_m.png; sourceTree = "<group>"; };
		AB968C3814FE84AD00A17AFE /* timeline_rt_border_m@2x.png */ = {isa = PBXFileReference; lastKnownFileType = image.png; path = "timeline_rt_border_m@2x.png"; sourceTree = "<group>"; };
		AB968C3914FE84AD00A17AFE /* timeline_rt_border_t.png */ = {isa = PBXFileReference; lastKnownFileType = image.png; path = timeline_rt_border_t.png; sourceTree = "<group>"; };
		AB968C3A14FE84AD00A17AFE /* timeline_rt_border_t@2x.png */ = {isa = PBXFileReference; lastKnownFileType = image.png; path = "timeline_rt_border_t@2x.png"; sourceTree = "<group>"; };
		ABA94F35147FA7F70010C283 /* zjtSinaWeiboClient.app */ = {isa = PBXFileReference; explicitFileType = wrapper.application; includeInIndex = 0; path = zjtSinaWeiboClient.app; sourceTree = BUILT_PRODUCTS_DIR; };
		ABA94F39147FA7F70010C283 /* UIKit.framework */ = {isa = PBXFileReference; lastKnownFileType = wrapper.framework; name = UIKit.framework; path = System/Library/Frameworks/UIKit.framework; sourceTree = SDKROOT; };
		ABA94F3B147FA7F70010C283 /* Foundation.framework */ = {isa = PBXFileReference; lastKnownFileType = wrapper.framework; name = Foundation.framework; path = System/Library/Frameworks/Foundation.framework; sourceTree = SDKROOT; };
		ABA94F3D147FA7F70010C283 /* CoreGraphics.framework */ = {isa = PBXFileReference; lastKnownFileType = wrapper.framework; name = CoreGraphics.framework; path = System/Library/Frameworks/CoreGraphics.framework; sourceTree = SDKROOT; };
		ABA94F41147FA7F70010C283 /* zjtSinaWeiboClient-Info.plist */ = {isa = PBXFileReference; lastKnownFileType = text.plist.xml; path = "zjtSinaWeiboClient-Info.plist"; sourceTree = "<group>"; };
		ABA94F43147FA7F70010C283 /* en */ = {isa = PBXFileReference; lastKnownFileType = text.plist.strings; name = en; path = en.lproj/InfoPlist.strings; sourceTree = "<group>"; };
		ABA94F45147FA7F70010C283 /* main.m */ = {isa = PBXFileReference; lastKnownFileType = sourcecode.c.objc; path = main.m; sourceTree = "<group>"; };
		ABA94F47147FA7F70010C283 /* zjtSinaWeiboClient-Prefix.pch */ = {isa = PBXFileReference; lastKnownFileType = sourcecode.c.h; path = "zjtSinaWeiboClient-Prefix.pch"; sourceTree = "<group>"; };
		ABA94F48147FA7F70010C283 /* AppDelegate.h */ = {isa = PBXFileReference; lastKnownFileType = sourcecode.c.h; path = AppDelegate.h; sourceTree = "<group>"; };
		ABA94F49147FA7F70010C283 /* AppDelegate.m */ = {isa = PBXFileReference; lastKnownFileType = sourcecode.c.objc; path = AppDelegate.m; sourceTree = "<group>"; };
		ABA94F4B147FA7F70010C283 /* FirstViewController.h */ = {isa = PBXFileReference; lastKnownFileType = sourcecode.c.h; path = FirstViewController.h; sourceTree = "<group>"; };
		ABA94F4C147FA7F70010C283 /* FirstViewController.m */ = {isa = PBXFileReference; lastKnownFileType = sourcecode.c.objc; path = FirstViewController.m; sourceTree = "<group>"; };
		ABA94F4E147FA7F70010C283 /* first.png */ = {isa = PBXFileReference; lastKnownFileType = image.png; path = first.png; sourceTree = "<group>"; };
		ABA94F50147FA7F70010C283 /* first@2x.png */ = {isa = PBXFileReference; lastKnownFileType = image.png; path = "first@2x.png"; sourceTree = "<group>"; };
		ABA94F52147FA7F70010C283 /* SecondViewController.h */ = {isa = PBXFileReference; lastKnownFileType = sourcecode.c.h; path = SecondViewController.h; sourceTree = "<group>"; };
		ABA94F53147FA7F70010C283 /* SecondViewController.m */ = {isa = PBXFileReference; lastKnownFileType = sourcecode.c.objc; path = SecondViewController.m; sourceTree = "<group>"; };
		ABA94F55147FA7F70010C283 /* second.png */ = {isa = PBXFileReference; lastKnownFileType = image.png; path = second.png; sourceTree = "<group>"; };
		ABA94F57147FA7F70010C283 /* second@2x.png */ = {isa = PBXFileReference; lastKnownFileType = image.png; path = "second@2x.png"; sourceTree = "<group>"; };
		ABA94F5A147FA7F70010C283 /* en */ = {isa = PBXFileReference; lastKnownFileType = file.xib; name = en; path = en.lproj/FirstViewController.xib; sourceTree = "<group>"; };
		ABA94F5D147FA7F70010C283 /* en */ = {isa = PBXFileReference; lastKnownFileType = file.xib; name = en; path = en.lproj/SecondViewController.xib; sourceTree = "<group>"; };
		ABAA629C15010BD100D86E3C /* SHKActivityIndicator.h */ = {isa = PBXFileReference; fileEncoding = 4; lastKnownFileType = sourcecode.c.h; path = SHKActivityIndicator.h; sourceTree = "<group>"; };
		ABAA629D15010BD100D86E3C /* SHKActivityIndicator.m */ = {isa = PBXFileReference; fileEncoding = 4; lastKnownFileType = sourcecode.c.objc; path = SHKActivityIndicator.m; sourceTree = "<group>"; };
		ABAA62A015010C5900D86E3C /* SHKDefine.h */ = {isa = PBXFileReference; fileEncoding = 4; lastKnownFileType = sourcecode.c.h; path = SHKDefine.h; sourceTree = "<group>"; };
		ABAA62A115010CD000D86E3C /* UIDevice+Orientation.h */ = {isa = PBXFileReference; fileEncoding = 4; lastKnownFileType = sourcecode.c.h; path = "UIDevice+Orientation.h"; sourceTree = "<group>"; };
		ABAA62A215010CD000D86E3C /* UIDevice+Orientation.m */ = {isa = PBXFileReference; fileEncoding = 4; lastKnownFileType = sourcecode.c.objc; path = "UIDevice+Orientation.m"; sourceTree = "<group>"; };
		ABAA62A415010CDA00D86E3C /* UILabel+Size.h */ = {isa = PBXFileReference; fileEncoding = 4; lastKnownFileType = sourcecode.c.h; path = "UILabel+Size.h"; sourceTree = "<group>"; };
		ABAA62A515010CDA00D86E3C /* UILabel+Size.m */ = {isa = PBXFileReference; fileEncoding = 4; lastKnownFileType = sourcecode.c.objc; path = "UILabel+Size.m"; sourceTree = "<group>"; };
		ABE295B614F8C99C00FDABA3 /* ProfileVC.h */ = {isa = PBXFileReference; fileEncoding = 4; lastKnownFileType = sourcecode.c.h; path = ProfileVC.h; sourceTree = "<group>"; };
		ABE295B714F8C99C00FDABA3 /* ProfileVC.m */ = {isa = PBXFileReference; fileEncoding = 4; lastKnownFileType = sourcecode.c.objc; path = ProfileVC.m; sourceTree = "<group>"; };
		ABE295B814F8C99C00FDABA3 /* ProfileVC.xib */ = {isa = PBXFileReference; fileEncoding = 4; lastKnownFileType = file.xib; path = ProfileVC.xib; sourceTree = "<group>"; };
		ABF23F5214B5970100AEEB5C /* NSDataAdditions.h */ = {isa = PBXFileReference; fileEncoding = 4; lastKnownFileType = sourcecode.c.h; path = NSDataAdditions.h; sourceTree = "<group>"; };
		ABF23F5314B5970100AEEB5C /* NSDataAdditions.m */ = {isa = PBXFileReference; fileEncoding = 4; lastKnownFileType = sourcecode.c.objc; path = NSDataAdditions.m; sourceTree = "<group>"; };
		ABF23F5414B5970100AEEB5C /* NSDictionaryAdditions.h */ = {isa = PBXFileReference; fileEncoding = 4; lastKnownFileType = sourcecode.c.h; path = NSDictionaryAdditions.h; sourceTree = "<group>"; };
		ABF23F5514B5970100AEEB5C /* NSDictionaryAdditions.m */ = {isa = PBXFileReference; fileEncoding = 4; lastKnownFileType = sourcecode.c.objc; path = NSDictionaryAdditions.m; sourceTree = "<group>"; };
		ABF23F5614B5970100AEEB5C /* NSStringAdditions.h */ = {isa = PBXFileReference; fileEncoding = 4; lastKnownFileType = sourcecode.c.h; path = NSStringAdditions.h; sourceTree = "<group>"; };
		ABF23F5714B5970100AEEB5C /* NSStringAdditions.m */ = {isa = PBXFileReference; fileEncoding = 4; lastKnownFileType = sourcecode.c.objc; path = NSStringAdditions.m; sourceTree = "<group>"; };
		ABF23F5B14B5971A00AEEB5C /* StringUtil.h */ = {isa = PBXFileReference; fileEncoding = 4; lastKnownFileType = sourcecode.c.h; path = StringUtil.h; sourceTree = "<group>"; };
		ABF23F5C14B5971A00AEEB5C /* StringUtil.m */ = {isa = PBXFileReference; fileEncoding = 4; lastKnownFileType = sourcecode.c.objc; path = StringUtil.m; sourceTree = "<group>"; };
		ABF23F5F14B5976900AEEB5C /* ASIAuthenticationDialog.h */ = {isa = PBXFileReference; fileEncoding = 4; lastKnownFileType = sourcecode.c.h; path = ASIAuthenticationDialog.h; sourceTree = "<group>"; };
		ABF23F6014B5976900AEEB5C /* ASIAuthenticationDialog.m */ = {isa = PBXFileReference; fileEncoding = 4; lastKnownFileType = sourcecode.c.objc; path = ASIAuthenticationDialog.m; sourceTree = "<group>"; };
		ABF23F6114B5976900AEEB5C /* ASICacheDelegate.h */ = {isa = PBXFileReference; fileEncoding = 4; lastKnownFileType = sourcecode.c.h; path = ASICacheDelegate.h; sourceTree = "<group>"; };
		ABF23F6214B5976900AEEB5C /* ASIDataCompressor.h */ = {isa = PBXFileReference; fileEncoding = 4; lastKnownFileType = sourcecode.c.h; path = ASIDataCompressor.h; sourceTree = "<group>"; };
		ABF23F6314B5976900AEEB5C /* ASIDataCompressor.m */ = {isa = PBXFileReference; fileEncoding = 4; lastKnownFileType = sourcecode.c.objc; path = ASIDataCompressor.m; sourceTree = "<group>"; };
		ABF23F6414B5976900AEEB5C /* ASIDataDecompressor.h */ = {isa = PBXFileReference; fileEncoding = 4; lastKnownFileType = sourcecode.c.h; path = ASIDataDecompressor.h; sourceTree = "<group>"; };
		ABF23F6514B5976900AEEB5C /* ASIDataDecompressor.m */ = {isa = PBXFileReference; fileEncoding = 4; lastKnownFileType = sourcecode.c.objc; path = ASIDataDecompressor.m; sourceTree = "<group>"; };
		ABF23F6614B5976900AEEB5C /* ASIDownloadCache.h */ = {isa = PBXFileReference; fileEncoding = 4; lastKnownFileType = sourcecode.c.h; path = ASIDownloadCache.h; sourceTree = "<group>"; };
		ABF23F6714B5976900AEEB5C /* ASIDownloadCache.m */ = {isa = PBXFileReference; fileEncoding = 4; lastKnownFileType = sourcecode.c.objc; path = ASIDownloadCache.m; sourceTree = "<group>"; };
		ABF23F6814B5976900AEEB5C /* ASIFormDataRequest.h */ = {isa = PBXFileReference; fileEncoding = 4; lastKnownFileType = sourcecode.c.h; path = ASIFormDataRequest.h; sourceTree = "<group>"; };
		ABF23F6914B5976900AEEB5C /* ASIFormDataRequest.m */ = {isa = PBXFileReference; fileEncoding = 4; lastKnownFileType = sourcecode.c.objc; path = ASIFormDataRequest.m; sourceTree = "<group>"; };
		ABF23F6A14B5976900AEEB5C /* ASIHTTPRequest.h */ = {isa = PBXFileReference; fileEncoding = 4; lastKnownFileType = sourcecode.c.h; path = ASIHTTPRequest.h; sourceTree = "<group>"; };
		ABF23F6B14B5976900AEEB5C /* ASIHTTPRequest.m */ = {isa = PBXFileReference; fileEncoding = 4; lastKnownFileType = sourcecode.c.objc; path = ASIHTTPRequest.m; sourceTree = "<group>"; };
		ABF23F6C14B5976900AEEB5C /* ASIHTTPRequestConfig.h */ = {isa = PBXFileReference; fileEncoding = 4; lastKnownFileType = sourcecode.c.h; path = ASIHTTPRequestConfig.h; sourceTree = "<group>"; };
		ABF23F6D14B5976900AEEB5C /* ASIHTTPRequestDelegate.h */ = {isa = PBXFileReference; fileEncoding = 4; lastKnownFileType = sourcecode.c.h; path = ASIHTTPRequestDelegate.h; sourceTree = "<group>"; };
		ABF23F6E14B5976900AEEB5C /* ASIInputStream.h */ = {isa = PBXFileReference; fileEncoding = 4; lastKnownFileType = sourcecode.c.h; path = ASIInputStream.h; sourceTree = "<group>"; };
		ABF23F6F14B5976900AEEB5C /* ASIInputStream.m */ = {isa = PBXFileReference; fileEncoding = 4; lastKnownFileType = sourcecode.c.objc; path = ASIInputStream.m; sourceTree = "<group>"; };
		ABF23F7014B5976900AEEB5C /* ASINetworkQueue.h */ = {isa = PBXFileReference; fileEncoding = 4; lastKnownFileType = sourcecode.c.h; path = ASINetworkQueue.h; sourceTree = "<group>"; };
		ABF23F7114B5976900AEEB5C /* ASINetworkQueue.m */ = {isa = PBXFileReference; fileEncoding = 4; lastKnownFileType = sourcecode.c.objc; path = ASINetworkQueue.m; sourceTree = "<group>"; };
		ABF23F7214B5976900AEEB5C /* ASIProgressDelegate.h */ = {isa = PBXFileReference; fileEncoding = 4; lastKnownFileType = sourcecode.c.h; path = ASIProgressDelegate.h; sourceTree = "<group>"; };
		ABF23F7414B5976900AEEB5C /* Comment.h */ = {isa = PBXFileReference; fileEncoding = 4; lastKnownFileType = sourcecode.c.h; path = Comment.h; sourceTree = "<group>"; };
		ABF23F7514B5976900AEEB5C /* Comment.m */ = {isa = PBXFileReference; fileEncoding = 4; lastKnownFileType = sourcecode.c.objc; path = Comment.m; sourceTree = "<group>"; };
		ABF23F7B14B5976900AEEB5C /* Draft.h */ = {isa = PBXFileReference; fileEncoding = 4; lastKnownFileType = sourcecode.c.h; path = Draft.h; sourceTree = "<group>"; };
		ABF23F7C14B5976900AEEB5C /* Draft.m */ = {isa = PBXFileReference; fileEncoding = 4; lastKnownFileType = sourcecode.c.objc; path = Draft.m; sourceTree = "<group>"; };
		ABF23F7D14B5976900AEEB5C /* DummyGapStatus.h */ = {isa = PBXFileReference; fileEncoding = 4; lastKnownFileType = sourcecode.c.h; path = DummyGapStatus.h; sourceTree = "<group>"; };
		ABF23F7E14B5976900AEEB5C /* DummyGapStatus.m */ = {isa = PBXFileReference; fileEncoding = 4; lastKnownFileType = sourcecode.c.objc; path = DummyGapStatus.m; sourceTree = "<group>"; };
		ABF23F7F14B5976900AEEB5C /* Status.h */ = {isa = PBXFileReference; fileEncoding = 4; lastKnownFileType = sourcecode.c.h; path = Status.h; sourceTree = "<group>"; };
		ABF23F8014B5976900AEEB5C /* Status.m */ = {isa = PBXFileReference; fileEncoding = 4; lastKnownFileType = sourcecode.c.objc; path = Status.m; sourceTree = "<group>"; };
		ABF23F8114B5976900AEEB5C /* User.h */ = {isa = PBXFileReference; fileEncoding = 4; lastKnownFileType = sourcecode.c.h; path = User.h; sourceTree = "<group>"; };
		ABF23F8214B5976900AEEB5C /* User.m */ = {isa = PBXFileReference; fileEncoding = 4; lastKnownFileType = sourcecode.c.objc; path = User.m; sourceTree = "<group>"; };
		ABF23F8414B5976900AEEB5C /* Reachability.h */ = {isa = PBXFileReference; fileEncoding = 4; lastKnownFileType = sourcecode.c.h; path = Reachability.h; sourceTree = "<group>"; };
		ABF23F8514B5976900AEEB5C /* Reachability.m */ = {isa = PBXFileReference; fileEncoding = 4; lastKnownFileType = sourcecode.c.objc; path = Reachability.m; sourceTree = "<group>"; };
		ABF23F8714B5976900AEEB5C /* JSON.h */ = {isa = PBXFileReference; fileEncoding = 4; lastKnownFileType = sourcecode.c.h; path = JSON.h; sourceTree = "<group>"; };
		ABF23F8814B5976900AEEB5C /* NSObject+SBJSON.h */ = {isa = PBXFileReference; fileEncoding = 4; lastKnownFileType = sourcecode.c.h; path = "NSObject+SBJSON.h"; sourceTree = "<group>"; };
		ABF23F8914B5976900AEEB5C /* NSObject+SBJSON.m */ = {isa = PBXFileReference; fileEncoding = 4; lastKnownFileType = sourcecode.c.objc; path = "NSObject+SBJSON.m"; sourceTree = "<group>"; };
		ABF23F8A14B5976900AEEB5C /* NSString+SBJSON.h */ = {isa = PBXFileReference; fileEncoding = 4; lastKnownFileType = sourcecode.c.h; path = "NSString+SBJSON.h"; sourceTree = "<group>"; };
		ABF23F8B14B5976900AEEB5C /* NSString+SBJSON.m */ = {isa = PBXFileReference; fileEncoding = 4; lastKnownFileType = sourcecode.c.objc; path = "NSString+SBJSON.m"; sourceTree = "<group>"; };
		ABF23F8C14B5976900AEEB5C /* SBJsonBase.h */ = {isa = PBXFileReference; fileEncoding = 4; lastKnownFileType = sourcecode.c.h; path = SBJsonBase.h; sourceTree = "<group>"; };
		ABF23F8D14B5976900AEEB5C /* SBJsonBase.m */ = {isa = PBXFileReference; fileEncoding = 4; lastKnownFileType = sourcecode.c.objc; path = SBJsonBase.m; sourceTree = "<group>"; };
		ABF23F8E14B5976900AEEB5C /* SBJsonParser.h */ = {isa = PBXFileReference; fileEncoding = 4; lastKnownFileType = sourcecode.c.h; path = SBJsonParser.h; sourceTree = "<group>"; };
		ABF23F8F14B5976900AEEB5C /* SBJsonParser.m */ = {isa = PBXFileReference; fileEncoding = 4; lastKnownFileType = sourcecode.c.objc; path = SBJsonParser.m; sourceTree = "<group>"; };
		ABF23F9014B5976900AEEB5C /* SBJsonWriter.h */ = {isa = PBXFileReference; fileEncoding = 4; lastKnownFileType = sourcecode.c.h; path = SBJsonWriter.h; sourceTree = "<group>"; };
		ABF23F9114B5976900AEEB5C /* SBJsonWriter.m */ = {isa = PBXFileReference; fileEncoding = 4; lastKnownFileType = sourcecode.c.objc; path = SBJsonWriter.m; sourceTree = "<group>"; };
		ABF23FA914B5999C00AEEB5C /* OAuthWebView.h */ = {isa = PBXFileReference; fileEncoding = 4; lastKnownFileType = sourcecode.c.h; path = OAuthWebView.h; sourceTree = "<group>"; };
		ABF23FAA14B5999C00AEEB5C /* OAuthWebView.m */ = {isa = PBXFileReference; fileEncoding = 4; lastKnownFileType = sourcecode.c.objc; path = OAuthWebView.m; sourceTree = "<group>"; };
		ABF23FAB14B5999C00AEEB5C /* OAuthWebView.xib */ = {isa = PBXFileReference; fileEncoding = 4; lastKnownFileType = file.xib; path = OAuthWebView.xib; sourceTree = "<group>"; };
		ABF23FAC14B5999C00AEEB5C /* WeiBoHttpManager.h */ = {isa = PBXFileReference; fileEncoding = 4; lastKnownFileType = sourcecode.c.h; path = WeiBoHttpManager.h; sourceTree = "<group>"; };
		ABF23FAD14B5999C00AEEB5C /* WeiBoHttpManager.m */ = {isa = PBXFileReference; fileEncoding = 4; lastKnownFileType = sourcecode.c.objc; path = WeiBoHttpManager.m; sourceTree = "<group>"; };
		ABF23FAE14B5999C00AEEB5C /* WeiBoMessageManager.h */ = {isa = PBXFileReference; fileEncoding = 4; lastKnownFileType = sourcecode.c.h; path = WeiBoMessageManager.h; sourceTree = "<group>"; };
		ABF23FAF14B5999C00AEEB5C /* WeiBoMessageManager.m */ = {isa = PBXFileReference; fileEncoding = 4; lastKnownFileType = sourcecode.c.objc; path = WeiBoMessageManager.m; sourceTree = "<group>"; };
		ABF23FBE14B59FAE00AEEB5C /* LPBaseCell.h */ = {isa = PBXFileReference; fileEncoding = 4; lastKnownFileType = sourcecode.c.h; path = LPBaseCell.h; sourceTree = "<group>"; };
		ABF23FBF14B59FAE00AEEB5C /* LPBaseCell.m */ = {isa = PBXFileReference; fileEncoding = 4; lastKnownFileType = sourcecode.c.objc; path = LPBaseCell.m; sourceTree = "<group>"; };
		ABF411F815458F2E00226BC1 /* noImage50x118.png */ = {isa = PBXFileReference; lastKnownFileType = image.png; path = noImage50x118.png; sourceTree = "<group>"; };
		ABF411F915458F2E00226BC1 /* noImage50x118@2x.png */ = {isa = PBXFileReference; lastKnownFileType = image.png; path = "noImage50x118@2x.png"; sourceTree = "<group>"; };
		ABFDE1F814B5A0EC00B57C9F /* StatusCell.h */ = {isa = PBXFileReference; fileEncoding = 4; lastKnownFileType = sourcecode.c.h; name = StatusCell.h; path = TableCells/StatusCell.h; sourceTree = "<group>"; };
		ABFDE1F914B5A0EC00B57C9F /* StatusCell.m */ = {isa = PBXFileReference; fileEncoding = 4; lastKnownFileType = sourcecode.c.objc; name = StatusCell.m; path = TableCells/StatusCell.m; sourceTree = "<group>"; };
		ABFDE1FA14B5A0EC00B57C9F /* StatusCell.xib */ = {isa = PBXFileReference; fileEncoding = 4; lastKnownFileType = file.xib; name = StatusCell.xib; path = TableCells/StatusCell.xib; sourceTree = "<group>"; };
		ABFDE20214B5A25100B57C9F /* 16.png */ = {isa = PBXFileReference; lastKnownFileType = image.png; path = 16.png; sourceTree = "<group>"; };
		ABFDE20314B5A25100B57C9F /* 16x16.png */ = {isa = PBXFileReference; lastKnownFileType = image.png; path = 16x16.png; sourceTree = "<group>"; };
		ABFDE20414B5A25100B57C9F /* 240.png */ = {isa = PBXFileReference; lastKnownFileType = image.png; path = 240.png; sourceTree = "<group>"; };
		ABFDE20514B5A25100B57C9F /* 24x24.png */ = {isa = PBXFileReference; lastKnownFileType = image.png; path = 24x24.png; sourceTree = "<group>"; };
		ABFDE20614B5A25100B57C9F /* 32.png */ = {isa = PBXFileReference; lastKnownFileType = image.png; path = 32.png; sourceTree = "<group>"; };
		ABFDE20714B5A25100B57C9F /* 32x32.png */ = {isa = PBXFileReference; lastKnownFileType = image.png; path = 32x32.png; sourceTree = "<group>"; };
		ABFDE20814B5A25100B57C9F /* 48.png */ = {isa = PBXFileReference; lastKnownFileType = image.png; path = 48.png; sourceTree = "<group>"; };
		ABFDE20914B5A25100B57C9F /* 48x48.png */ = {isa = PBXFileReference; lastKnownFileType = image.png; path = 48x48.png; sourceTree = "<group>"; };
		ABFDE20A14B5A25100B57C9F /* LOGO_16x16.png */ = {isa = PBXFileReference; lastKnownFileType = image.png; path = LOGO_16x16.png; sourceTree = "<group>"; };
		ABFDE20B14B5A25100B57C9F /* LOGO_24x24.png */ = {isa = PBXFileReference; lastKnownFileType = image.png; path = LOGO_24x24.png; sourceTree = "<group>"; };
		ABFDE20C14B5A25100B57C9F /* LOGO_32x32.png */ = {isa = PBXFileReference; lastKnownFileType = image.png; path = LOGO_32x32.png; sourceTree = "<group>"; };
		ABFDE20D14B5A25100B57C9F /* LOGO_48x48.png */ = {isa = PBXFileReference; lastKnownFileType = image.png; path = LOGO_48x48.png; sourceTree = "<group>"; };
		ABFDE20E14B5A25100B57C9F /* LOGO_64x64.png */ = {isa = PBXFileReference; lastKnownFileType = image.png; path = LOGO_64x64.png; sourceTree = "<group>"; };
		ABFDE20F14B5A25100B57C9F /* publish_button_16.gif */ = {isa = PBXFileReference; lastKnownFileType = image.gif; path = publish_button_16.gif; sourceTree = "<group>"; };
		ABFDE21014B5A25100B57C9F /* publish_button_24.gif */ = {isa = PBXFileReference; lastKnownFileType = image.gif; path = publish_button_24.gif; sourceTree = "<group>"; };
		ABFDE21114B5A25100B57C9F /* publish_button_32.gif */ = {isa = PBXFileReference; lastKnownFileType = image.gif; path = publish_button_32.gif; sourceTree = "<group>"; };
/* End PBXFileReference section */

/* Begin PBXFrameworksBuildPhase section */
		ABA94F32147FA7F70010C283 /* Frameworks */ = {
			isa = PBXFrameworksBuildPhase;
			buildActionMask = 2147483647;
			files = (
				45C3EEA81500DD7A004A282E /* ImageIO.framework in Frameworks */,
				AB2D5BD81483B43100987DE7 /* QuartzCore.framework in Frameworks */,
				AB2D5BD61483B42500987DE7 /* MessageUI.framework in Frameworks */,
				AB2D5BD41483B41700987DE7 /* SystemConfiguration.framework in Frameworks */,
				AB2D5BD21483B40D00987DE7 /* Security.framework in Frameworks */,
				AB2D5BD01483B40300987DE7 /* MobileCoreServices.framework in Frameworks */,
				AB2D5BCE1483B3F400987DE7 /* CFNetwork.framework in Frameworks */,
				AB2D5BCC1483B3E200987DE7 /* libz.dylib in Frameworks */,
				AB2D5BCA1483B3D000987DE7 /* libicucore.dylib in Frameworks */,
				AB2D5BC81483B3A700987DE7 /* libsqlite3.dylib in Frameworks */,
				ABA94F3A147FA7F70010C283 /* UIKit.framework in Frameworks */,
				ABA94F3C147FA7F70010C283 /* Foundation.framework in Frameworks */,
				ABA94F3E147FA7F70010C283 /* CoreGraphics.framework in Frameworks */,
			);
			runOnlyForDeploymentPostprocessing = 0;
		};
/* End PBXFrameworksBuildPhase section */

/* Begin PBXGroup section */
		4506A7C11509D9A600C47A93 /* PullToRefresh */ = {
			isa = PBXGroup;
			children = (
				4506A7D31509DCC200C47A93 /* EGORefreshTableHeaderView.h */,
				4506A7D41509DCC200C47A93 /* EGORefreshTableHeaderView.m */,
				4506A7C31509D9D800C47A93 /* PullRefreshTableViewController.h */,
				4506A7C41509D9D800C47A93 /* PullRefreshTableViewController.m */,
			);
			name = PullToRefresh;
			sourceTree = "<group>";
		};
		4506A7C61509D9E000C47A93 /* pullToRefresh */ = {
			isa = PBXGroup;
			children = (
				4506A7C71509D9F400C47A93 /* blueArrow.png */,
				4506A7C81509D9F400C47A93 /* blueArrow@2x.png */,
			);
			name = pullToRefresh;
			sourceTree = "<group>";
		};
		4547F2071508A8790082FD13 /* ZJTTools */ = {
			isa = PBXGroup;
			children = (
				4547F2091508A8CE0082FD13 /* ZJTHelpler.h */,
				4547F20A1508A8CE0082FD13 /* ZJTHelpler.m */,
			);
			name = ZJTTools;
			sourceTree = "<group>";
		};
		AB37A39A14F91D2C0077774E /* ImageBrowser */ = {
			isa = PBXGroup;
			children = (
				ABAA62A415010CDA00D86E3C /* UILabel+Size.h */,
				ABAA62A515010CDA00D86E3C /* UILabel+Size.m */,
				ABAA62A115010CD000D86E3C /* UIDevice+Orientation.h */,
				ABAA62A215010CD000D86E3C /* UIDevice+Orientation.m */,
				ABAA62A015010C5900D86E3C /* SHKDefine.h */,
				ABAA629C15010BD100D86E3C /* SHKActivityIndicator.h */,
				ABAA629D15010BD100D86E3C /* SHKActivityIndicator.m */,
				45C3EE9B1500D42C004A282E /* GifView.h */,
				45C3EE9C1500D42C004A282E /* GifView.m */,
				AB37A39B14F921D80077774E /* ImageProcess.h */,
				AB37A39C14F921D80077774E /* ImageProcess.m */,
				AB37A39114F91D280077774E /* CustomScrollView.h */,
				AB37A39214F91D280077774E /* CustomScrollView.m */,
				AB37A39314F91D280077774E /* ImageBrowser.h */,
				AB37A39414F91D280077774E /* ImageBrowser.m */,
				AB37A39514F91D280077774E /* ImageBrowser.xib */,
			);
			name = ImageBrowser;
			sourceTree = "<group>";
		};
		AB968C3314FE849500A17AFE /* timelineBG */ = {
			isa = PBXGroup;
			children = (
				AB968C3514FE84AD00A17AFE /* timeline_rt_border_b.png */,
				AB968C3614FE84AD00A17AFE /* timeline_rt_border_b@2x.png */,
				AB968C3714FE84AD00A17AFE /* timeline_rt_border_m.png */,
				AB968C3814FE84AD00A17AFE /* timeline_rt_border_m@2x.png */,
				AB968C3914FE84AD00A17AFE /* timeline_rt_border_t.png */,
				AB968C3A14FE84AD00A17AFE /* timeline_rt_border_t@2x.png */,
			);
			name = timelineBG;
			sourceTree = "<group>";
		};
		ABA94F2A147FA7F70010C283 = {
			isa = PBXGroup;
			children = (
				45C3EEA71500DD7A004A282E /* ImageIO.framework */,
				ABA94F3F147FA7F70010C283 /* zjtSinaWeiboClient */,
				ABA94F38147FA7F70010C283 /* Frameworks */,
				ABA94F36147FA7F70010C283 /* Products */,
			);
			sourceTree = "<group>";
		};
		ABA94F36147FA7F70010C283 /* Products */ = {
			isa = PBXGroup;
			children = (
				ABA94F35147FA7F70010C283 /* zjtSinaWeiboClient.app */,
			);
			name = Products;
			sourceTree = "<group>";
		};
		ABA94F38147FA7F70010C283 /* Frameworks */ = {
			isa = PBXGroup;
			children = (
				AB2D5BCB1483B3E200987DE7 /* libz.dylib */,
				AB2D5BC91483B3D000987DE7 /* libicucore.dylib */,
				AB2D5BC71483B3A700987DE7 /* libsqlite3.dylib */,
				AB2D5BD71483B43100987DE7 /* QuartzCore.framework */,
				AB2D5BD51483B42500987DE7 /* MessageUI.framework */,
				AB2D5BD31483B41700987DE7 /* SystemConfiguration.framework */,
				AB2D5BD11483B40D00987DE7 /* Security.framework */,
				AB2D5BCF1483B40300987DE7 /* MobileCoreServices.framework */,
				AB2D5BCD1483B3F400987DE7 /* CFNetwork.framework */,
				ABA94F39147FA7F70010C283 /* UIKit.framework */,
				ABA94F3B147FA7F70010C283 /* Foundation.framework */,
				ABA94F3D147FA7F70010C283 /* CoreGraphics.framework */,
			);
			name = Frameworks;
			sourceTree = "<group>";
		};
		ABA94F3F147FA7F70010C283 /* zjtSinaWeiboClient */ = {
			isa = PBXGroup;
			children = (
				4547F2071508A8790082FD13 /* ZJTTools */,
				ABFDE1FF14B5A21F00B57C9F /* Resource */,
				ABF23F5014B596C400AEEB5C /* WeiboEngine */,
				ABF23FA814B5995C00AEEB5C /* NetWork */,
				ABF23F7314B5976900AEEB5C /* Models */,
				ABF23FBC14B59F3B00AEEB5C /* UI */,
				ABA94F40147FA7F70010C283 /* Supporting Files */,
			);
			path = zjtSinaWeiboClient;
			sourceTree = "<group>";
		};
		ABA94F40147FA7F70010C283 /* Supporting Files */ = {
			isa = PBXGroup;
			children = (
				ABA94F48147FA7F70010C283 /* AppDelegate.h */,
				ABA94F49147FA7F70010C283 /* AppDelegate.m */,
				ABA94F4E147FA7F70010C283 /* first.png */,
				ABA94F50147FA7F70010C283 /* first@2x.png */,
				ABA94F55147FA7F70010C283 /* second.png */,
				ABA94F57147FA7F70010C283 /* second@2x.png */,
				ABA94F41147FA7F70010C283 /* zjtSinaWeiboClient-Info.plist */,
				ABA94F42147FA7F70010C283 /* InfoPlist.strings */,
				ABA94F45147FA7F70010C283 /* main.m */,
				ABA94F47147FA7F70010C283 /* zjtSinaWeiboClient-Prefix.pch */,
			);
			name = "Supporting Files";
			sourceTree = "<group>";
		};
		ABE295B514F8C98000FDABA3 /* VCs */ = {
			isa = PBXGroup;
			children = (
				AB37A39A14F91D2C0077774E /* ImageBrowser */,
				ABA94F4B147FA7F70010C283 /* FirstViewController.h */,
				ABA94F4C147FA7F70010C283 /* FirstViewController.m */,
				ABA94F59147FA7F70010C283 /* FirstViewController.xib */,
				ABA94F52147FA7F70010C283 /* SecondViewController.h */,
				ABA94F53147FA7F70010C283 /* SecondViewController.m */,
				ABA94F5C147FA7F70010C283 /* SecondViewController.xib */,
				ABE295B614F8C99C00FDABA3 /* ProfileVC.h */,
				ABE295B714F8C99C00FDABA3 /* ProfileVC.m */,
				ABE295B814F8C99C00FDABA3 /* ProfileVC.xib */,
				4571CD0914FD049D00CBEF46 /* ZJTDetailStatusVC.h */,
				4571CD0A14FD049D00CBEF46 /* ZJTDetailStatusVC.m */,
				4571CD0B14FD049D00CBEF46 /* ZJTDetailStatusVC.xib */,
				452065731510872400CF3A01 /* TwitterVC.h */,
				452065741510872500CF3A01 /* TwitterVC.m */,
				452065751510872500CF3A01 /* TwitterVC.xib */,
				AB57E8B31523516F00363B7C /* AddCommentVC.h */,
				AB57E8B41523517000363B7C /* AddCommentVC.m */,
				AB57E8B51523517000363B7C /* AddCommentVC.xib */,
			);
			name = VCs;
			sourceTree = "<group>";
		};
		ABF23F5014B596C400AEEB5C /* WeiboEngine */ = {
			isa = PBXGroup;
			children = (
				ABF23F5E14B5976900AEEB5C /* ASIHttpRequest */,
				ABF23F5114B5970100AEEB5C /* Additions */,
				ABF23F8614B5976900AEEB5C /* SBJson */,
				ABF23F5B14B5971A00AEEB5C /* StringUtil.h */,
				ABF23F5C14B5971A00AEEB5C /* StringUtil.m */,
			);
			name = WeiboEngine;
			sourceTree = "<group>";
		};
		ABF23F5114B5970100AEEB5C /* Additions */ = {
			isa = PBXGroup;
			children = (
				ABF23F5214B5970100AEEB5C /* NSDataAdditions.h */,
				ABF23F5314B5970100AEEB5C /* NSDataAdditions.m */,
				ABF23F5414B5970100AEEB5C /* NSDictionaryAdditions.h */,
				ABF23F5514B5970100AEEB5C /* NSDictionaryAdditions.m */,
				ABF23F5614B5970100AEEB5C /* NSStringAdditions.h */,
				ABF23F5714B5970100AEEB5C /* NSStringAdditions.m */,
			);
			path = Additions;
			sourceTree = "<group>";
		};
		ABF23F5E14B5976900AEEB5C /* ASIHttpRequest */ = {
			isa = PBXGroup;
			children = (
				ABF23F8314B5976900AEEB5C /* Reachability */,
				ABF23F5F14B5976900AEEB5C /* ASIAuthenticationDialog.h */,
				ABF23F6014B5976900AEEB5C /* ASIAuthenticationDialog.m */,
				ABF23F6114B5976900AEEB5C /* ASICacheDelegate.h */,
				ABF23F6214B5976900AEEB5C /* ASIDataCompressor.h */,
				ABF23F6314B5976900AEEB5C /* ASIDataCompressor.m */,
				ABF23F6414B5976900AEEB5C /* ASIDataDecompressor.h */,
				ABF23F6514B5976900AEEB5C /* ASIDataDecompressor.m */,
				ABF23F6614B5976900AEEB5C /* ASIDownloadCache.h */,
				ABF23F6714B5976900AEEB5C /* ASIDownloadCache.m */,
				ABF23F6814B5976900AEEB5C /* ASIFormDataRequest.h */,
				ABF23F6914B5976900AEEB5C /* ASIFormDataRequest.m */,
				ABF23F6A14B5976900AEEB5C /* ASIHTTPRequest.h */,
				ABF23F6B14B5976900AEEB5C /* ASIHTTPRequest.m */,
				ABF23F6C14B5976900AEEB5C /* ASIHTTPRequestConfig.h */,
				ABF23F6D14B5976900AEEB5C /* ASIHTTPRequestDelegate.h */,
				ABF23F6E14B5976900AEEB5C /* ASIInputStream.h */,
				ABF23F6F14B5976900AEEB5C /* ASIInputStream.m */,
				ABF23F7014B5976900AEEB5C /* ASINetworkQueue.h */,
				ABF23F7114B5976900AEEB5C /* ASINetworkQueue.m */,
				ABF23F7214B5976900AEEB5C /* ASIProgressDelegate.h */,
			);
			path = ASIHttpRequest;
			sourceTree = "<group>";
		};
		ABF23F7314B5976900AEEB5C /* Models */ = {
			isa = PBXGroup;
			children = (
				ABF23F7414B5976900AEEB5C /* Comment.h */,
				ABF23F7514B5976900AEEB5C /* Comment.m */,
				ABF23F7B14B5976900AEEB5C /* Draft.h */,
				ABF23F7C14B5976900AEEB5C /* Draft.m */,
				ABF23F7D14B5976900AEEB5C /* DummyGapStatus.h */,
				ABF23F7E14B5976900AEEB5C /* DummyGapStatus.m */,
				ABF23F7F14B5976900AEEB5C /* Status.h */,
				ABF23F8014B5976900AEEB5C /* Status.m */,
				ABF23F8114B5976900AEEB5C /* User.h */,
				ABF23F8214B5976900AEEB5C /* User.m */,
			);
			path = Models;
			sourceTree = "<group>";
		};
		ABF23F8314B5976900AEEB5C /* Reachability */ = {
			isa = PBXGroup;
			children = (
				ABF23F8414B5976900AEEB5C /* Reachability.h */,
				ABF23F8514B5976900AEEB5C /* Reachability.m */,
			);
			name = Reachability;
			path = ../Reachability;
			sourceTree = "<group>";
		};
		ABF23F8614B5976900AEEB5C /* SBJson */ = {
			isa = PBXGroup;
			children = (
				ABF23F8714B5976900AEEB5C /* JSON.h */,
				ABF23F8814B5976900AEEB5C /* NSObject+SBJSON.h */,
				ABF23F8914B5976900AEEB5C /* NSObject+SBJSON.m */,
				ABF23F8A14B5976900AEEB5C /* NSString+SBJSON.h */,
				ABF23F8B14B5976900AEEB5C /* NSString+SBJSON.m */,
				ABF23F8C14B5976900AEEB5C /* SBJsonBase.h */,
				ABF23F8D14B5976900AEEB5C /* SBJsonBase.m */,
				ABF23F8E14B5976900AEEB5C /* SBJsonParser.h */,
				ABF23F8F14B5976900AEEB5C /* SBJsonParser.m */,
				ABF23F9014B5976900AEEB5C /* SBJsonWriter.h */,
				ABF23F9114B5976900AEEB5C /* SBJsonWriter.m */,
			);
			path = SBJson;
			sourceTree = "<group>";
		};
		ABF23FA814B5995C00AEEB5C /* NetWork */ = {
			isa = PBXGroup;
			children = (
				AB55550E14B7069200B27BCE /* HHNetDataCacheManager.h */,
				AB55550F14B7069200B27BCE /* HHNetDataCacheManager.m */,
				ABF23FA914B5999C00AEEB5C /* OAuthWebView.h */,
				ABF23FAA14B5999C00AEEB5C /* OAuthWebView.m */,
				ABF23FAB14B5999C00AEEB5C /* OAuthWebView.xib */,
				ABF23FAC14B5999C00AEEB5C /* WeiBoHttpManager.h */,
				ABF23FAD14B5999C00AEEB5C /* WeiBoHttpManager.m */,
				ABF23FAE14B5999C00AEEB5C /* WeiBoMessageManager.h */,
				ABF23FAF14B5999C00AEEB5C /* WeiBoMessageManager.m */,
			);
			name = NetWork;
			sourceTree = "<group>";
		};
		ABF23FBC14B59F3B00AEEB5C /* UI */ = {
			isa = PBXGroup;
			children = (
				4506A7C11509D9A600C47A93 /* PullToRefresh */,
				ABE295B514F8C98000FDABA3 /* VCs */,
				ABF23FBD14B59F6F00AEEB5C /* TableCells */,
			);
			name = UI;
			sourceTree = "<group>";
		};
		ABF23FBD14B59F6F00AEEB5C /* TableCells */ = {
			isa = PBXGroup;
			children = (
				ABF23FBE14B59FAE00AEEB5C /* LPBaseCell.h */,
				ABF23FBF14B59FAE00AEEB5C /* LPBaseCell.m */,
				ABFDE1F814B5A0EC00B57C9F /* StatusCell.h */,
				ABFDE1F914B5A0EC00B57C9F /* StatusCell.m */,
				ABFDE1FA14B5A0EC00B57C9F /* StatusCell.xib */,
				450CE59E14FD09D50078052E /* ZJTCommentCell.h */,
				450CE59F14FD09D50078052E /* ZJTCommentCell.m */,
				450CE5A014FD09D50078052E /* ZJTCommentCell.xib */,
			);
			name = TableCells;
			sourceTree = "<group>";
		};
		ABFDE1FF14B5A21F00B57C9F /* Resource */ = {
			isa = PBXGroup;
			children = (
				ABFDE20014B5A21F00B57C9F /* Images */,
			);
			path = Resource;
			sourceTree = "<group>";
		};
		ABFDE20014B5A21F00B57C9F /* Images */ = {
			isa = PBXGroup;
			children = (
				4506A7C61509D9E000C47A93 /* pullToRefresh */,
				AB968C3314FE849500A17AFE /* timelineBG */,
				ABFDE20114B5A25100B57C9F /* WeiboImages */,
				AB5554FD14B6F63200B27BCE /* table_header_bg.png */,
				AB5554FE14B6F63200B27BCE /* table_header_bg@2x.png */,
				AB57E8BC1523541900363B7C /* input_window.png */,
				AB57E8BD1523541900363B7C /* input_window@2x.png */,
				AB87BA4A1524B44E0096C029 /* loadingImage_50x118.png */,
				AB87BA4B1524B44E0096C029 /* loadingImage_50x118@2x.png */,
				ABF411F815458F2E00226BC1 /* noImage50x118.png */,
				ABF411F915458F2E00226BC1 /* noImage50x118@2x.png */,
			);
			path = Images;
			sourceTree = "<group>";
		};
		ABFDE20114B5A25100B57C9F /* WeiboImages */ = {
			isa = PBXGroup;
			children = (
				AB50963C14B5CCE200DE0438 /* Icon-Small.png */,
				AB50963D14B5CCE200DE0438 /* Icon-Small@2x.png */,
				ABFDE20514B5A25100B57C9F /* 24x24.png */,
				ABFDE20214B5A25100B57C9F /* 16.png */,
				ABFDE20314B5A25100B57C9F /* 16x16.png */,
				ABFDE20414B5A25100B57C9F /* 240.png */,
				ABFDE20614B5A25100B57C9F /* 32.png */,
				ABFDE20714B5A25100B57C9F /* 32x32.png */,
				ABFDE20814B5A25100B57C9F /* 48.png */,
				ABFDE20914B5A25100B57C9F /* 48x48.png */,
				ABFDE20A14B5A25100B57C9F /* LOGO_16x16.png */,
				ABFDE20B14B5A25100B57C9F /* LOGO_24x24.png */,
				ABFDE20C14B5A25100B57C9F /* LOGO_32x32.png */,
				ABFDE20D14B5A25100B57C9F /* LOGO_48x48.png */,
				ABFDE20E14B5A25100B57C9F /* LOGO_64x64.png */,
				ABFDE20F14B5A25100B57C9F /* publish_button_16.gif */,
				ABFDE21014B5A25100B57C9F /* publish_button_24.gif */,
				ABFDE21114B5A25100B57C9F /* publish_button_32.gif */,
			);
			path = WeiboImages;
			sourceTree = "<group>";
		};
/* End PBXGroup section */

/* Begin PBXNativeTarget section */
		ABA94F34147FA7F70010C283 /* zjtSinaWeiboClient */ = {
			isa = PBXNativeTarget;
			buildConfigurationList = ABA94F61147FA7F70010C283 /* Build configuration list for PBXNativeTarget "zjtSinaWeiboClient" */;
			buildPhases = (
				ABA94F31147FA7F70010C283 /* Sources */,
				ABA94F32147FA7F70010C283 /* Frameworks */,
				ABA94F33147FA7F70010C283 /* Resources */,
			);
			buildRules = (
			);
			dependencies = (
			);
			name = zjtSinaWeiboClient;
			productName = zjtSinaWeiboClient;
			productReference = ABA94F35147FA7F70010C283 /* zjtSinaWeiboClient.app */;
			productType = "com.apple.product-type.application";
		};
/* End PBXNativeTarget section */

/* Begin PBXProject section */
		ABA94F2C147FA7F70010C283 /* Project object */ = {
			isa = PBXProject;
			attributes = {
				LastUpgradeCheck = 0430;
			};
			buildConfigurationList = ABA94F2F147FA7F70010C283 /* Build configuration list for PBXProject "zjtSinaWeiboClient" */;
			compatibilityVersion = "Xcode 3.2";
			developmentRegion = English;
			hasScannedForEncodings = 0;
			knownRegions = (
				en,
			);
			mainGroup = ABA94F2A147FA7F70010C283;
			productRefGroup = ABA94F36147FA7F70010C283 /* Products */;
			projectDirPath = "";
			projectRoot = "";
			targets = (
				ABA94F34147FA7F70010C283 /* zjtSinaWeiboClient */,
			);
		};
/* End PBXProject section */

/* Begin PBXResourcesBuildPhase section */
		ABA94F33147FA7F70010C283 /* Resources */ = {
			isa = PBXResourcesBuildPhase;
			buildActionMask = 2147483647;
			files = (
				ABA94F44147FA7F70010C283 /* InfoPlist.strings in Resources */,
				ABA94F4F147FA7F70010C283 /* first.png in Resources */,
				ABA94F51147FA7F70010C283 /* first@2x.png in Resources */,
				ABA94F56147FA7F70010C283 /* second.png in Resources */,
				ABA94F58147FA7F70010C283 /* second@2x.png in Resources */,
				ABA94F5B147FA7F70010C283 /* FirstViewController.xib in Resources */,
				ABA94F5E147FA7F70010C283 /* SecondViewController.xib in Resources */,
				ABF23FB114B5999C00AEEB5C /* OAuthWebView.xib in Resources */,
				ABFDE1FC14B5A0EC00B57C9F /* StatusCell.xib in Resources */,
				ABFDE21214B5A25100B57C9F /* 16.png in Resources */,
				ABFDE21314B5A25100B57C9F /* 16x16.png in Resources */,
				ABFDE21414B5A25100B57C9F /* 240.png in Resources */,
				ABFDE21514B5A25100B57C9F /* 24x24.png in Resources */,
				ABFDE21614B5A25100B57C9F /* 32.png in Resources */,
				ABFDE21714B5A25100B57C9F /* 32x32.png in Resources */,
				ABFDE21814B5A25100B57C9F /* 48.png in Resources */,
				ABFDE21914B5A25100B57C9F /* 48x48.png in Resources */,
				ABFDE21A14B5A25100B57C9F /* LOGO_16x16.png in Resources */,
				ABFDE21B14B5A25100B57C9F /* LOGO_24x24.png in Resources */,
				ABFDE21C14B5A25100B57C9F /* LOGO_32x32.png in Resources */,
				ABFDE21D14B5A25100B57C9F /* LOGO_48x48.png in Resources */,
				ABFDE21E14B5A25100B57C9F /* LOGO_64x64.png in Resources */,
				ABFDE21F14B5A25100B57C9F /* publish_button_16.gif in Resources */,
				ABFDE22014B5A25100B57C9F /* publish_button_24.gif in Resources */,
				ABFDE22114B5A25100B57C9F /* publish_button_32.gif in Resources */,
				AB50963E14B5CCE200DE0438 /* Icon-Small.png in Resources */,
				AB50963F14B5CCE200DE0438 /* Icon-Small@2x.png in Resources */,
				AB5554FF14B6F63200B27BCE /* table_header_bg.png in Resources */,
				AB55550014B6F63200B27BCE /* table_header_bg@2x.png in Resources */,
				ABE295BA14F8C99C00FDABA3 /* ProfileVC.xib in Resources */,
				AB37A39814F91D280077774E /* ImageBrowser.xib in Resources */,
				4571CD0D14FD049E00CBEF46 /* ZJTDetailStatusVC.xib in Resources */,
				450CE5A214FD09D50078052E /* ZJTCommentCell.xib in Resources */,
				AB968C3B14FE84AD00A17AFE /* timeline_rt_border_b.png in Resources */,
				AB968C3C14FE84AD00A17AFE /* timeline_rt_border_b@2x.png in Resources */,
				AB968C3D14FE84AD00A17AFE /* timeline_rt_border_m.png in Resources */,
				AB968C3E14FE84AD00A17AFE /* timeline_rt_border_m@2x.png in Resources */,
				AB968C3F14FE84AD00A17AFE /* timeline_rt_border_t.png in Resources */,
				AB968C4014FE84AD00A17AFE /* timeline_rt_border_t@2x.png in Resources */,
				4506A7C91509D9F500C47A93 /* blueArrow.png in Resources */,
				4506A7CA1509D9F500C47A93 /* blueArrow@2x.png in Resources */,
				452065771510872500CF3A01 /* TwitterVC.xib in Resources */,
				AB57E8B71523517000363B7C /* AddCommentVC.xib in Resources */,
				AB57E8BE1523541900363B7C /* input_window.png in Resources */,
				AB57E8BF1523541900363B7C /* input_window@2x.png in Resources */,
				AB87BA4C1524B44E0096C029 /* loadingImage_50x118.png in Resources */,
				AB87BA4D1524B44E0096C029 /* loadingImage_50x118@2x.png in Resources */,
				ABF411FA15458F2E00226BC1 /* noImage50x118.png in Resources */,
				ABF411FB15458F2E00226BC1 /* noImage50x118@2x.png in Resources */,
			);
			runOnlyForDeploymentPostprocessing = 0;
		};
/* End PBXResourcesBuildPhase section */

/* Begin PBXSourcesBuildPhase section */
		ABA94F31147FA7F70010C283 /* Sources */ = {
			isa = PBXSourcesBuildPhase;
			buildActionMask = 2147483647;
			files = (
				ABA94F46147FA7F70010C283 /* main.m in Sources */,
				ABA94F4A147FA7F70010C283 /* AppDelegate.m in Sources */,
				ABA94F4D147FA7F70010C283 /* FirstViewController.m in Sources */,
				ABA94F54147FA7F70010C283 /* SecondViewController.m in Sources */,
				ABF23F5814B5970100AEEB5C /* NSDataAdditions.m in Sources */,
				ABF23F5914B5970100AEEB5C /* NSDictionaryAdditions.m in Sources */,
				ABF23F5A14B5970100AEEB5C /* NSStringAdditions.m in Sources */,
				ABF23F5D14B5971A00AEEB5C /* StringUtil.m in Sources */,
				ABF23F9214B5976900AEEB5C /* ASIAuthenticationDialog.m in Sources */,
				ABF23F9314B5976900AEEB5C /* ASIDataCompressor.m in Sources */,
				ABF23F9414B5976900AEEB5C /* ASIDataDecompressor.m in Sources */,
				ABF23F9514B5976900AEEB5C /* ASIDownloadCache.m in Sources */,
				ABF23F9614B5976900AEEB5C /* ASIFormDataRequest.m in Sources */,
				ABF23F9714B5976900AEEB5C /* ASIHTTPRequest.m in Sources */,
				ABF23F9814B5976900AEEB5C /* ASIInputStream.m in Sources */,
				ABF23F9914B5976900AEEB5C /* ASINetworkQueue.m in Sources */,
				ABF23F9A14B5976900AEEB5C /* Comment.m in Sources */,
				ABF23F9D14B5976900AEEB5C /* Draft.m in Sources */,
				ABF23F9E14B5976900AEEB5C /* DummyGapStatus.m in Sources */,
				ABF23F9F14B5976900AEEB5C /* Status.m in Sources */,
				ABF23FA014B5976900AEEB5C /* User.m in Sources */,
				ABF23FA114B5976900AEEB5C /* Reachability.m in Sources */,
				ABF23FA214B5976900AEEB5C /* NSObject+SBJSON.m in Sources */,
				ABF23FA314B5976900AEEB5C /* NSString+SBJSON.m in Sources */,
				ABF23FA414B5976900AEEB5C /* SBJsonBase.m in Sources */,
				ABF23FA514B5976900AEEB5C /* SBJsonParser.m in Sources */,
				ABF23FA614B5976900AEEB5C /* SBJsonWriter.m in Sources */,
				ABF23FB014B5999C00AEEB5C /* OAuthWebView.m in Sources */,
				ABF23FB214B5999C00AEEB5C /* WeiBoHttpManager.m in Sources */,
				ABF23FB314B5999C00AEEB5C /* WeiBoMessageManager.m in Sources */,
				ABF23FC014B59FAE00AEEB5C /* LPBaseCell.m in Sources */,
				ABFDE1FB14B5A0EC00B57C9F /* StatusCell.m in Sources */,
				AB55551014B7069200B27BCE /* HHNetDataCacheManager.m in Sources */,
				ABE295B914F8C99C00FDABA3 /* ProfileVC.m in Sources */,
				AB37A39614F91D280077774E /* CustomScrollView.m in Sources */,
				AB37A39714F91D280077774E /* ImageBrowser.m in Sources */,
				AB37A39D14F921D80077774E /* ImageProcess.m in Sources */,
				4571CD0C14FD049E00CBEF46 /* ZJTDetailStatusVC.m in Sources */,
				450CE5A114FD09D50078052E /* ZJTCommentCell.m in Sources */,
				45C3EE9D1500D42C004A282E /* GifView.m in Sources */,
				ABAA629E15010BD100D86E3C /* SHKActivityIndicator.m in Sources */,
				ABAA62A315010CD000D86E3C /* UIDevice+Orientation.m in Sources */,
				ABAA62A615010CDA00D86E3C /* UILabel+Size.m in Sources */,
				4547F20B1508A8CE0082FD13 /* ZJTHelpler.m in Sources */,
				4506A7C51509D9D800C47A93 /* PullRefreshTableViewController.m in Sources */,
				4506A7D51509DCC300C47A93 /* EGORefreshTableHeaderView.m in Sources */,
				452065761510872500CF3A01 /* TwitterVC.m in Sources */,
				AB57E8B61523517000363B7C /* AddCommentVC.m in Sources */,
			);
			runOnlyForDeploymentPostprocessing = 0;
		};
/* End PBXSourcesBuildPhase section */

/* Begin PBXVariantGroup section */
		ABA94F42147FA7F70010C283 /* InfoPlist.strings */ = {
			isa = PBXVariantGroup;
			children = (
				ABA94F43147FA7F70010C283 /* en */,
			);
			name = InfoPlist.strings;
			sourceTree = "<group>";
		};
		ABA94F59147FA7F70010C283 /* FirstViewController.xib */ = {
			isa = PBXVariantGroup;
			children = (
				ABA94F5A147FA7F70010C283 /* en */,
			);
			name = FirstViewController.xib;
			sourceTree = "<group>";
		};
		ABA94F5C147FA7F70010C283 /* SecondViewController.xib */ = {
			isa = PBXVariantGroup;
			children = (
				ABA94F5D147FA7F70010C283 /* en */,
			);
			name = SecondViewController.xib;
			sourceTree = "<group>";
		};
/* End PBXVariantGroup section */

/* Begin XCBuildConfiguration section */
		ABA94F5F147FA7F70010C283 /* Debug */ = {
			isa = XCBuildConfiguration;
			buildSettings = {
				ALWAYS_SEARCH_USER_PATHS = NO;
				ARCHS = "$(ARCHS_STANDARD_32_BIT)";
				"CODE_SIGN_IDENTITY[sdk=iphoneos*]" = "iPhone Developer";
				COPY_PHASE_STRIP = NO;
				GCC_C_LANGUAGE_STANDARD = gnu99;
				GCC_DYNAMIC_NO_PIC = NO;
				GCC_OPTIMIZATION_LEVEL = 0;
				GCC_PREPROCESSOR_DEFINITIONS = (
					"DEBUG=1",
					"$(inherited)",
				);
				GCC_SYMBOLS_PRIVATE_EXTERN = NO;
				GCC_VERSION = com.apple.compilers.llvm.clang.1_0;
				GCC_WARN_ABOUT_MISSING_PROTOTYPES = YES;
				GCC_WARN_ABOUT_RETURN_TYPE = YES;
				GCC_WARN_UNUSED_VARIABLE = YES;
				IPHONEOS_DEPLOYMENT_TARGET = 5.0;
				SDKROOT = iphoneos;
			};
			name = Debug;
		};
		ABA94F60147FA7F70010C283 /* Release */ = {
			isa = XCBuildConfiguration;
			buildSettings = {
				ALWAYS_SEARCH_USER_PATHS = NO;
				ARCHS = "$(ARCHS_STANDARD_32_BIT)";
				"CODE_SIGN_IDENTITY[sdk=iphoneos*]" = "iPhone Developer";
				COPY_PHASE_STRIP = YES;
				GCC_C_LANGUAGE_STANDARD = gnu99;
				GCC_VERSION = com.apple.compilers.llvm.clang.1_0;
				GCC_WARN_ABOUT_MISSING_PROTOTYPES = YES;
				GCC_WARN_ABOUT_RETURN_TYPE = YES;
				GCC_WARN_UNUSED_VARIABLE = YES;
				IPHONEOS_DEPLOYMENT_TARGET = 5.0;
				OTHER_CFLAGS = "-DNS_BLOCK_ASSERTIONS=1";
				SDKROOT = iphoneos;
				VALIDATE_PRODUCT = YES;
			};
			name = Release;
		};
		ABA94F62147FA7F70010C283 /* Debug */ = {
			isa = XCBuildConfiguration;
			buildSettings = {
				GCC_PRECOMPILE_PREFIX_HEADER = YES;
				GCC_PREFIX_HEADER = "zjtSinaWeiboClient/zjtSinaWeiboClient-Prefix.pch";
				INFOPLIST_FILE = "zjtSinaWeiboClient/zjtSinaWeiboClient-Info.plist";
				LIBRARY_SEARCH_PATHS = (
					"$(inherited)",
					"\"$(SRCROOT)/zjtSinaWeiboClient/WeiboEngine\"",
				);
				PRODUCT_NAME = "$(TARGET_NAME)";
				WRAPPER_EXTENSION = app;
			};
			name = Debug;
		};
		ABA94F63147FA7F70010C283 /* Release */ = {
			isa = XCBuildConfiguration;
			buildSettings = {
				GCC_PRECOMPILE_PREFIX_HEADER = YES;
				GCC_PREFIX_HEADER = "zjtSinaWeiboClient/zjtSinaWeiboClient-Prefix.pch";
				INFOPLIST_FILE = "zjtSinaWeiboClient/zjtSinaWeiboClient-Info.plist";
				LIBRARY_SEARCH_PATHS = (
					"$(inherited)",
					"\"$(SRCROOT)/zjtSinaWeiboClient/WeiboEngine\"",
				);
				PRODUCT_NAME = "$(TARGET_NAME)";
				WRAPPER_EXTENSION = app;
			};
			name = Release;
		};
/* End XCBuildConfiguration section */

/* Begin XCConfigurationList section */
		ABA94F2F147FA7F70010C283 /* Build configuration list for PBXProject "zjtSinaWeiboClient" */ = {
			isa = XCConfigurationList;
			buildConfigurations = (
				ABA94F5F147FA7F70010C283 /* Debug */,
				ABA94F60147FA7F70010C283 /* Release */,
			);
			defaultConfigurationIsVisible = 0;
			defaultConfigurationName = Release;
		};
		ABA94F61147FA7F70010C283 /* Build configuration list for PBXNativeTarget "zjtSinaWeiboClient" */ = {
			isa = XCConfigurationList;
			buildConfigurations = (
				ABA94F62147FA7F70010C283 /* Debug */,
				ABA94F63147FA7F70010C283 /* Release */,
			);
			defaultConfigurationIsVisible = 0;
			defaultConfigurationName = Release;
		};
/* End XCConfigurationList section */
	};
	rootObject = ABA94F2C147FA7F70010C283 /* Project object */;
}
